
Microsoft Visual Studio Solution File, Format Version 12.00
# Visual Studio Version 16
VisualStudioVersion = 16.0.31005.135
MinimumVisualStudioVersion = 10.0.40219.1
Project("{FAE04EC0-301F-11D3-BF4B-00C04F79EFBC}") = "Final working copy", "Final working copy\Final working copy.csproj", "{90889E36-70AB-4838-A4B4-5F5EE2B22784}"
EndProject
Global
	GlobalSection(SolutionConfigurationPlatforms) = preSolution
		Debug|Any CPU = Debug|Any CPU
		Release|Any CPU = Release|Any CPU
	EndGlobalSection
	GlobalSection(ProjectConfigurationPlatforms) = postSolution
		{90889E36-70AB-4838-A4B4-5F5EE2B22784}.Debug|Any CPU.ActiveCfg = Debug|Any CPU
		{90889E36-70AB-4838-A4B4-5F5EE2B22784}.Debug|Any CPU.Build.0 = Debug|Any CPU
		{90889E36-70AB-4838-A4B4-5F5EE2B22784}.Release|Any CPU.ActiveCfg = Release|Any CPU
		{90889E36-70AB-4838-A4B4-5F5EE2B22784}.Release|Any CPU.Build.0 = Release|Any CPU
	EndGlobalSection
	GlobalSection(SolutionProperties) = preSolution
		HideSolutionNode = FALSE
	EndGlobalSection
	GlobalSection(ExtensibilityGlobals) = postSolution
		SolutionGuid = {9457188B-6780-449E-9E25-CFB89A43A38F}
	EndGlobalSection
EndGlobal
